
Microsoft Visual Studio Solution File, Format Version 12.00
# Visual Studio 14
VisualStudioVersion = 14.0.23107.0
MinimumVisualStudioVersion = 10.0.40219.1
Project("{2150E333-8FDC-42A3-9474-1A3956D46DE8}") = "Templates", "Templates", "{FE3C4287-79DE-447E-B2DB-177C163BB5AA}"
EndProject
Project("{2150E333-8FDC-42A3-9474-1A3956D46DE8}") = "Ideal Design", "Ideal Design", "{2AB14BA7-2CC1-4DE2-B2B1-C63B64AF7529}"
EndProject
Project("{2150E333-8FDC-42A3-9474-1A3956D46DE8}") = "Tools", "Tools", "{64780C2F-D210-4DE0-976C-EF5884DA75D3}"
EndProject
Project("{2150E333-8FDC-42A3-9474-1A3956D46DE8}") = "0.Technical Packages", "0.Technical Packages", "{273B7DA4-E088-481F-BAF9-07C40F4AD846}"
EndProject
Project("{2150E333-8FDC-42A3-9474-1A3956D46DE8}") = "1.Business Development Projects", "1.Business Development Projects", "{F9F5124D-D946-465E-A11A-538D3D08409A}"
EndProject
Project("{2150E333-8FDC-42A3-9474-1A3956D46DE8}") = "0.Abstraction", "0.Abstraction", "{A5D2662E-5AA1-42D8-BC3B-397B0496DD8F}"
EndProject
Project("{2150E333-8FDC-42A3-9474-1A3956D46DE8}") = "2.Domain Driven Design", "2.Domain Driven Design", "{EE6147C2-05CA-4133-9D72-5727A747165C}"
EndProject
Project("{2150E333-8FDC-42A3-9474-1A3956D46DE8}") = "3.Caching", "3.Caching", "{E65B47B5-EE2A-4140-BC7B-EC8B5F9F40AC}"
EndProject
Project("{2150E333-8FDC-42A3-9474-1A3956D46DE8}") = "4.Logging", "4.Logging", "{00B9AF72-E40D-4F31-9049-E4E83E2F09D4}"
EndProject
Project("{2150E333-8FDC-42A3-9474-1A3956D46DE8}") = "5.Service And Remoting", "5.Service And Remoting", "{18A10247-84EB-45E4-8496-4B5F306E9E67}"
EndProject
Project("{2150E333-8FDC-42A3-9474-1A3956D46DE8}") = "98. Testing", "98. Testing", "{0525E462-CF46-4BF0-A2EF-D8E6049C4C85}"
EndProject
Project("{2150E333-8FDC-42A3-9474-1A3956D46DE8}") = "99.Common Utilities", "99.Common Utilities", "{957672B1-1645-420D-8557-83DC71536F1E}"
EndProject
Project("{2150E333-8FDC-42A3-9474-1A3956D46DE8}") = "0.Common", "0.Common", "{A3C82334-ED1F-41F1-AF07-8BCE063264AB}"
EndProject
Project("{2150E333-8FDC-42A3-9474-1A3956D46DE8}") = "1.Web", "1.Web", "{F840535E-B190-4D31-9E15-4F82500FB084}"
EndProject
Project("{2150E333-8FDC-42A3-9474-1A3956D46DE8}") = "SampleMyBusinessSolution1", "SampleMyBusinessSolution1", "{998B9FBB-8648-4E84-B92C-E2A6AB4AE992}"
EndProject
Project("{2150E333-8FDC-42A3-9474-1A3956D46DE8}") = "0.Models", "0.Models", "{352DDB5F-0B55-47EE-8CA1-BB4B9EF4FD0D}"
EndProject
Project("{2150E333-8FDC-42A3-9474-1A3956D46DE8}") = "0.Model Definitions", "0.Model Definitions", "{55BB80A5-A51E-47BD-87A1-AAAA294AB14C}"
EndProject
Project("{2150E333-8FDC-42A3-9474-1A3956D46DE8}") = "1.Model Mapping", "1.Model Mapping", "{7EC46F39-4A69-4E5C-B98D-9B6F035BBDAB}"
EndProject
Project("{2150E333-8FDC-42A3-9474-1A3956D46DE8}") = "0.Contracts", "0.Contracts", "{78D17719-AE72-4831-81ED-DB4CEEDB485F}"
EndProject
Project("{2150E333-8FDC-42A3-9474-1A3956D46DE8}") = "1.Services", "1.Services", "{E55C01F0-006D-4E51-A72A-E2E2E03D432F}"
EndProject
Project("{2150E333-8FDC-42A3-9474-1A3956D46DE8}") = "1.lmplementations", "1.lmplementations", "{E1C02FD3-FA11-4981-8CA2-12EE0BBE1437}"
EndProject
Project("{2150E333-8FDC-42A3-9474-1A3956D46DE8}") = "2.Hosts", "2.Hosts", "{60BFC6E5-A34B-4C91-B4BE-473F38408450}"
EndProject
Project("{2150E333-8FDC-42A3-9474-1A3956D46DE8}") = "0.Windows Services", "0.Windows Services", "{A3F6A713-9903-4C14-9D44-19015967C0F5}"
EndProject
Project("{2150E333-8FDC-42A3-9474-1A3956D46DE8}") = "1.Sites", "1.Sites", "{E4203FE1-0F2D-4B98-8859-6CA5C31EC74D}"
EndProject
Project("{2150E333-8FDC-42A3-9474-1A3956D46DE8}") = "2.Azure Work Role", "2.Azure Work Role", "{822AEF94-F8A3-48E6-9520-E891972D7F98}"
EndProject
Project("{2150E333-8FDC-42A3-9474-1A3956D46DE8}") = "3.Workflow", "3.Workflow", "{EEF6EB8B-BB2D-48B0-B71C-8C5DE615DF13}"
EndProject
Project("{2150E333-8FDC-42A3-9474-1A3956D46DE8}") = "4.SSIS", "4.SSIS", "{8AE51237-BE27-4F9B-BCCD-E8D7E4774C2D}"
EndProject
Project("{2150E333-8FDC-42A3-9474-1A3956D46DE8}") = "3.Clients", "3.Clients", "{C0968447-3FC5-4E5B-8C27-A931CE662E63}"
EndProject
Project("{2150E333-8FDC-42A3-9474-1A3956D46DE8}") = "0.Windows Desktop", "0.Windows Desktop", "{4A68D82F-7A91-4BC9-ADFF-CE4F20DA6996}"
EndProject
Project("{2150E333-8FDC-42A3-9474-1A3956D46DE8}") = "1.Windows Universal App", "1.Windows Universal App", "{3E5D0322-F4CC-44B7-929E-9D6ED1FFA3F1}"
EndProject
Project("{2150E333-8FDC-42A3-9474-1A3956D46DE8}") = "2.Android", "2.Android", "{CA3A3744-0BD1-4B92-9AA2-C48E0B95C23B}"
EndProject
Project("{2150E333-8FDC-42A3-9474-1A3956D46DE8}") = "3.iOS", "3.iOS", "{DE7B5307-9AB1-43E9-A778-47605D75D6C8}"
EndProject
Project("{2150E333-8FDC-42A3-9474-1A3956D46DE8}") = "4.DataBases", "4.DataBases", "{20A0981D-853F-4648-9E77-74F8FBB349E5}"
EndProject
Project("{2150E333-8FDC-42A3-9474-1A3956D46DE8}") = "98.Files", "98.Files", "{1FC84A5D-62AA-4A34-A126-FBAD165ACD65}"
EndProject
Project("{2150E333-8FDC-42A3-9474-1A3956D46DE8}") = "99.Tools", "99.Tools", "{1AAF3532-D9E6-47D9-8409-E4B26BA2014C}"
EndProject
Project("{FAE04EC0-301F-11D3-BF4B-00C04F79EFBC}") = "BuildMe", "Tools\BuildMe\BuildMe.csproj", "{C837658B-909A-4606-8261-F402EABBA4D5}"
EndProject
Project("{2150E333-8FDC-42A3-9474-1A3956D46DE8}") = "97.TestingGround", "97.TestingGround", "{8355519D-BC4A-4BF0-AD88-AD26300E5900}"
EndProject
Project("{FAE04EC0-301F-11D3-BF4B-00C04F79EFBC}") = "DEAD.Common.Interfaces", "Ideal Design\Technical Packages\DEAD.Common.Interfaces\DEAD.Common.Interfaces.csproj", "{B73963F3-5B0F-48D1-899D-C45141FCBAE8}"
EndProject
Project("{FAE04EC0-301F-11D3-BF4B-00C04F79EFBC}") = "DEAD.Common", "Ideal Design\Technical Packages\DEAD.Common\DEAD.Common.csproj", "{DED0684E-1D51-45D4-8D34-DA48E8389031}"
EndProject
Project("{2150E333-8FDC-42A3-9474-1A3956D46DE8}") = "1.Dependency Injection", "1.Dependency Injection", "{95358526-EE23-4483-B3F4-4B3FF89BBAEB}"
EndProject
Project("{FAE04EC0-301F-11D3-BF4B-00C04F79EFBC}") = "DEAD.DependencyInjection", "Ideal Design\Technical Packages\DEAD.DependencyInjection\DEAD.DependencyInjection.csproj", "{423357CE-426D-4EC5-BF94-7258DF61263B}"
EndProject
Project("{FAE04EC0-301F-11D3-BF4B-00C04F79EFBC}") = "DEAD.DependencyInjection.Interfaces", "Ideal Design\Technical Packages\DEAD.DependencyInjection.Interfaces\DEAD.DependencyInjection.Interfaces.csproj", "{62D803A8-8E2B-47AA-81C2-954D77F9F3CC}"
EndProject
Project("{FAE04EC0-301F-11D3-BF4B-00C04F79EFBC}") = "DEAD.DomainPatterns", "Ideal Design\Technical Packages\DEAD.DomainPatterns\DEAD.DomainPatterns.csproj", "{501562A8-5A70-433B-9316-F5B47DB5991B}"
EndProject
Project("{FAE04EC0-301F-11D3-BF4B-00C04F79EFBC}") = "DEAD.DomainPatterns.Interfaces", "Ideal Design\Technical Packages\DEAD.DomainPatterns.Interfaces\DEAD.DomainPatterns.Interfaces.csproj", "{CDC9089F-2694-44EB-9E1B-7B774B3669D8}"
EndProject
Project("{FAE04EC0-301F-11D3-BF4B-00C04F79EFBC}") = "DEAD.Caching", "Ideal Design\Technical Packages\DEAD.Caching\DEAD.Caching.csproj", "{BCB4ED31-6F10-4356-86F2-3839192A5D2D}"
EndProject
Project("{FAE04EC0-301F-11D3-BF4B-00C04F79EFBC}") = "DEAD.Caching.Interfaces", "Ideal Design\Technical Packages\DEAD.Caching.Interfaces\DEAD.Caching.Interfaces.csproj", "{3C2A6C14-86A1-4EFC-BEF5-F55554A153EB}"
	ProjectSection(ProjectDependencies) = postProject
		{F1F387B1-7525-429A-80D5-FFC1A5A1E79E} = {F1F387B1-7525-429A-80D5-FFC1A5A1E79E}
	EndProjectSection
EndProject
Project("{FAE04EC0-301F-11D3-BF4B-00C04F79EFBC}") = "DEAD.Logging.Interfaces", "Ideal Design\Technical Packages\DEAD.Logging.Interfaces\DEAD.Logging.Interfaces.csproj", "{306D2CB1-A1ED-4D8E-B3B8-9776297F3E1D}"
EndProject
Project("{FAE04EC0-301F-11D3-BF4B-00C04F79EFBC}") = "DEAD.Logging", "Ideal Design\Technical Packages\DEAD.Logging\DEAD.Logging.csproj", "{DFDC970D-8287-4A38-A235-5DF76B22554B}"
EndProject
Project("{FAE04EC0-301F-11D3-BF4B-00C04F79EFBC}") = "DEAD.ServiceAndRemoting", "Ideal Design\Technical Packages\DEAD.ServiceAndRemoting\DEAD.ServiceAndRemoting.csproj", "{2CFA768E-D42E-4A4E-BC60-BCB107992CB4}"
EndProject
Project("{FAE04EC0-301F-11D3-BF4B-00C04F79EFBC}") = "DEAD.ServiceAndRemoting.Interfaces", "Ideal Design\Technical Packages\DEAD.ServiceAndRemoting.Interfaces\DEAD.ServiceAndRemoting.Interfaces.csproj", "{047CF6E3-E5E6-4920-A05A-77D9A6E995D3}"
EndProject
Project("{FAE04EC0-301F-11D3-BF4B-00C04F79EFBC}") = "SampleMyBusinessSolution1.Models", "Ideal Design\Development Projects\SampleMyBusinessSolution1.Models\SampleMyBusinessSolution1.Models.csproj", "{A1DA14E8-F3C8-4FB0-8D17-976FDB09F08A}"
EndProject
Project("{FAE04EC0-301F-11D3-BF4B-00C04F79EFBC}") = "SampleMyBusinessSolution1.Models.Mapping", "Ideal Design\Development Projects\SampleMyBusinessSolution1.Models.Mapping\SampleMyBusinessSolution1.Models.Mapping.csproj", "{E33E73D8-AD5A-4F5F-9734-F602CA36082B}"
EndProject
Project("{FAE04EC0-301F-11D3-BF4B-00C04F79EFBC}") = "SampleMyBusinessSolution1.Contracts", "Ideal Design\Development Projects\SampleMyBusinessSolution1.Contracts\SampleMyBusinessSolution1.Contracts.csproj", "{74460E65-1748-4ABA-B352-DF96548A77DD}"
EndProject
Project("{FAE04EC0-301F-11D3-BF4B-00C04F79EFBC}") = "SampleMyBusinessSolution1.Services", "Ideal Design\Development Projects\SampleMyBusinessSolution1.Services\SampleMyBusinessSolution1.Services.csproj", "{567C1E1D-9DC5-4E4F-991C-A5909D9F7390}"
EndProject
Project("{FAE04EC0-301F-11D3-BF4B-00C04F79EFBC}") = "SampleMyBusinessSolution1.BatchJobWindowsService", "Ideal Design\Development Projects\SampleMyBusinessSolution1.BatchJobWindowsService\SampleMyBusinessSolution1.BatchJobWindowsService.csproj", "{39FA830B-AFFC-4319-BA5F-95E3F4880ECC}"
EndProject
Project("{FAE04EC0-301F-11D3-BF4B-00C04F79EFBC}") = "SampleMyBusinessSolution1.Portal", "Ideal Design\Development Projects\SampleMyBusinessSolution1.Portal\SampleMyBusinessSolution1.Portal.csproj", "{6265E0DD-D763-4F01-9D20-0C92E671664C}"
EndProject
Project("{00D1A9C2-B5F0-4AF3-8072-F6C62B433612}") = "SampleMyBusinessSolution1.MainDatabase", "Ideal Design\Development Projects\SampleMyBusinessSolution1.MainDatabase\SampleMyBusinessSolution1.MainDatabase.sqlproj", "{59868CCF-F94C-47B9-A3C3-56A230EAD1EE}"
EndProject
Project("{FAE04EC0-301F-11D3-BF4B-00C04F79EFBC}") = "ToolsForBuild", "Tools\ToolsForBuild\ToolsForBuild.csproj", "{F1F387B1-7525-429A-80D5-FFC1A5A1E79E}"
EndProject
Project("{FAE04EC0-301F-11D3-BF4B-00C04F79EFBC}") = "SampleMyBusinessSolution1.Portal.Tests", "Ideal Design\Development Projects\SampleMyBusinessSolution1.Portal.Tests\SampleMyBusinessSolution1.Portal.Tests.csproj", "{405B4299-8027-4A44-9192-560A047B20E9}"
EndProject
Project("{2150E333-8FDC-42A3-9474-1A3956D46DE8}") = "6.Searching", "6.Searching", "{D4B33216-93A1-4E57-8BC8-56116757F385}"
EndProject
Project("{FAE04EC0-301F-11D3-BF4B-00C04F79EFBC}") = "DEAD.Searching", "Ideal Design\Technical Packages\DEAD.Searching\DEAD.Searching.csproj", "{B7E52BA9-BA73-4AAF-A526-BB4938986A09}"
EndProject
Project("{2150E333-8FDC-42A3-9474-1A3956D46DE8}") = "7.DataFiltering", "7.DataFiltering", "{4272F5D5-11F3-4A80-9AB3-C6A7F7FD7191}"
EndProject
Project("{FAE04EC0-301F-11D3-BF4B-00C04F79EFBC}") = "DEAD.Searching.Interfaces", "Ideal Design\Technical Packages\DEAD.Searching.Interfaces\DEAD.Searching.Interfaces.csproj", "{30DBA210-C3A2-416B-A6F1-B244EF7A0B04}"
EndProject
Global
	GlobalSection(SolutionConfigurationPlatforms) = preSolution
		Debug|Any CPU = Debug|Any CPU
		Release|Any CPU = Release|Any CPU
	EndGlobalSection
	GlobalSection(ProjectConfigurationPlatforms) = postSolution
		{C837658B-909A-4606-8261-F402EABBA4D5}.Debug|Any CPU.ActiveCfg = Debug|Any CPU
		{C837658B-909A-4606-8261-F402EABBA4D5}.Debug|Any CPU.Build.0 = Debug|Any CPU
		{C837658B-909A-4606-8261-F402EABBA4D5}.Release|Any CPU.ActiveCfg = Release|Any CPU
		{C837658B-909A-4606-8261-F402EABBA4D5}.Release|Any CPU.Build.0 = Release|Any CPU
		{B73963F3-5B0F-48D1-899D-C45141FCBAE8}.Debug|Any CPU.ActiveCfg = Debug|Any CPU
		{B73963F3-5B0F-48D1-899D-C45141FCBAE8}.Debug|Any CPU.Build.0 = Debug|Any CPU
		{B73963F3-5B0F-48D1-899D-C45141FCBAE8}.Release|Any CPU.ActiveCfg = Release|Any CPU
		{B73963F3-5B0F-48D1-899D-C45141FCBAE8}.Release|Any CPU.Build.0 = Release|Any CPU
		{DED0684E-1D51-45D4-8D34-DA48E8389031}.Debug|Any CPU.ActiveCfg = Debug|Any CPU
		{DED0684E-1D51-45D4-8D34-DA48E8389031}.Debug|Any CPU.Build.0 = Debug|Any CPU
		{DED0684E-1D51-45D4-8D34-DA48E8389031}.Release|Any CPU.ActiveCfg = Release|Any CPU
		{DED0684E-1D51-45D4-8D34-DA48E8389031}.Release|Any CPU.Build.0 = Release|Any CPU
		{423357CE-426D-4EC5-BF94-7258DF61263B}.Debug|Any CPU.ActiveCfg = Debug|Any CPU
		{423357CE-426D-4EC5-BF94-7258DF61263B}.Debug|Any CPU.Build.0 = Debug|Any CPU
		{423357CE-426D-4EC5-BF94-7258DF61263B}.Release|Any CPU.ActiveCfg = Release|Any CPU
		{423357CE-426D-4EC5-BF94-7258DF61263B}.Release|Any CPU.Build.0 = Release|Any CPU
		{62D803A8-8E2B-47AA-81C2-954D77F9F3CC}.Debug|Any CPU.ActiveCfg = Debug|Any CPU
		{62D803A8-8E2B-47AA-81C2-954D77F9F3CC}.Debug|Any CPU.Build.0 = Debug|Any CPU
		{62D803A8-8E2B-47AA-81C2-954D77F9F3CC}.Release|Any CPU.ActiveCfg = Release|Any CPU
		{62D803A8-8E2B-47AA-81C2-954D77F9F3CC}.Release|Any CPU.Build.0 = Release|Any CPU
		{501562A8-5A70-433B-9316-F5B47DB5991B}.Debug|Any CPU.ActiveCfg = Debug|Any CPU
		{501562A8-5A70-433B-9316-F5B47DB5991B}.Debug|Any CPU.Build.0 = Debug|Any CPU
		{501562A8-5A70-433B-9316-F5B47DB5991B}.Release|Any CPU.ActiveCfg = Release|Any CPU
		{501562A8-5A70-433B-9316-F5B47DB5991B}.Release|Any CPU.Build.0 = Release|Any CPU
		{CDC9089F-2694-44EB-9E1B-7B774B3669D8}.Debug|Any CPU.ActiveCfg = Debug|Any CPU
		{CDC9089F-2694-44EB-9E1B-7B774B3669D8}.Debug|Any CPU.Build.0 = Debug|Any CPU
		{CDC9089F-2694-44EB-9E1B-7B774B3669D8}.Release|Any CPU.ActiveCfg = Release|Any CPU
		{CDC9089F-2694-44EB-9E1B-7B774B3669D8}.Release|Any CPU.Build.0 = Release|Any CPU
		{BCB4ED31-6F10-4356-86F2-3839192A5D2D}.Debug|Any CPU.ActiveCfg = Debug|Any CPU
		{BCB4ED31-6F10-4356-86F2-3839192A5D2D}.Debug|Any CPU.Build.0 = Debug|Any CPU
		{BCB4ED31-6F10-4356-86F2-3839192A5D2D}.Release|Any CPU.ActiveCfg = Release|Any CPU
		{BCB4ED31-6F10-4356-86F2-3839192A5D2D}.Release|Any CPU.Build.0 = Release|Any CPU
		{3C2A6C14-86A1-4EFC-BEF5-F55554A153EB}.Debug|Any CPU.ActiveCfg = Debug|Any CPU
		{3C2A6C14-86A1-4EFC-BEF5-F55554A153EB}.Debug|Any CPU.Build.0 = Debug|Any CPU
		{3C2A6C14-86A1-4EFC-BEF5-F55554A153EB}.Release|Any CPU.ActiveCfg = Release|Any CPU
		{3C2A6C14-86A1-4EFC-BEF5-F55554A153EB}.Release|Any CPU.Build.0 = Release|Any CPU
		{306D2CB1-A1ED-4D8E-B3B8-9776297F3E1D}.Debug|Any CPU.ActiveCfg = Debug|Any CPU
		{306D2CB1-A1ED-4D8E-B3B8-9776297F3E1D}.Debug|Any CPU.Build.0 = Debug|Any CPU
		{306D2CB1-A1ED-4D8E-B3B8-9776297F3E1D}.Release|Any CPU.ActiveCfg = Release|Any CPU
		{306D2CB1-A1ED-4D8E-B3B8-9776297F3E1D}.Release|Any CPU.Build.0 = Release|Any CPU
		{DFDC970D-8287-4A38-A235-5DF76B22554B}.Debug|Any CPU.ActiveCfg = Debug|Any CPU
		{DFDC970D-8287-4A38-A235-5DF76B22554B}.Debug|Any CPU.Build.0 = Debug|Any CPU
		{DFDC970D-8287-4A38-A235-5DF76B22554B}.Release|Any CPU.ActiveCfg = Release|Any CPU
		{DFDC970D-8287-4A38-A235-5DF76B22554B}.Release|Any CPU.Build.0 = Release|Any CPU
		{2CFA768E-D42E-4A4E-BC60-BCB107992CB4}.Debug|Any CPU.ActiveCfg = Debug|Any CPU
		{2CFA768E-D42E-4A4E-BC60-BCB107992CB4}.Debug|Any CPU.Build.0 = Debug|Any CPU
		{2CFA768E-D42E-4A4E-BC60-BCB107992CB4}.Release|Any CPU.ActiveCfg = Release|Any CPU
		{2CFA768E-D42E-4A4E-BC60-BCB107992CB4}.Release|Any CPU.Build.0 = Release|Any CPU
		{047CF6E3-E5E6-4920-A05A-77D9A6E995D3}.Debug|Any CPU.ActiveCfg = Debug|Any CPU
		{047CF6E3-E5E6-4920-A05A-77D9A6E995D3}.Debug|Any CPU.Build.0 = Debug|Any CPU
		{047CF6E3-E5E6-4920-A05A-77D9A6E995D3}.Release|Any CPU.ActiveCfg = Release|Any CPU
		{047CF6E3-E5E6-4920-A05A-77D9A6E995D3}.Release|Any CPU.Build.0 = Release|Any CPU
		{A1DA14E8-F3C8-4FB0-8D17-976FDB09F08A}.Debug|Any CPU.ActiveCfg = Debug|Any CPU
		{A1DA14E8-F3C8-4FB0-8D17-976FDB09F08A}.Debug|Any CPU.Build.0 = Debug|Any CPU
		{A1DA14E8-F3C8-4FB0-8D17-976FDB09F08A}.Release|Any CPU.ActiveCfg = Release|Any CPU
		{A1DA14E8-F3C8-4FB0-8D17-976FDB09F08A}.Release|Any CPU.Build.0 = Release|Any CPU
		{E33E73D8-AD5A-4F5F-9734-F602CA36082B}.Debug|Any CPU.ActiveCfg = Debug|Any CPU
		{E33E73D8-AD5A-4F5F-9734-F602CA36082B}.Debug|Any CPU.Build.0 = Debug|Any CPU
		{E33E73D8-AD5A-4F5F-9734-F602CA36082B}.Release|Any CPU.ActiveCfg = Release|Any CPU
		{E33E73D8-AD5A-4F5F-9734-F602CA36082B}.Release|Any CPU.Build.0 = Release|Any CPU
		{74460E65-1748-4ABA-B352-DF96548A77DD}.Debug|Any CPU.ActiveCfg = Debug|Any CPU
		{74460E65-1748-4ABA-B352-DF96548A77DD}.Debug|Any CPU.Build.0 = Debug|Any CPU
		{74460E65-1748-4ABA-B352-DF96548A77DD}.Release|Any CPU.ActiveCfg = Release|Any CPU
		{74460E65-1748-4ABA-B352-DF96548A77DD}.Release|Any CPU.Build.0 = Release|Any CPU
		{567C1E1D-9DC5-4E4F-991C-A5909D9F7390}.Debug|Any CPU.ActiveCfg = Debug|Any CPU
		{567C1E1D-9DC5-4E4F-991C-A5909D9F7390}.Debug|Any CPU.Build.0 = Debug|Any CPU
		{567C1E1D-9DC5-4E4F-991C-A5909D9F7390}.Release|Any CPU.ActiveCfg = Release|Any CPU
		{567C1E1D-9DC5-4E4F-991C-A5909D9F7390}.Release|Any CPU.Build.0 = Release|Any CPU
		{39FA830B-AFFC-4319-BA5F-95E3F4880ECC}.Debug|Any CPU.ActiveCfg = Debug|Any CPU
		{39FA830B-AFFC-4319-BA5F-95E3F4880ECC}.Debug|Any CPU.Build.0 = Debug|Any CPU
		{39FA830B-AFFC-4319-BA5F-95E3F4880ECC}.Release|Any CPU.ActiveCfg = Release|Any CPU
		{39FA830B-AFFC-4319-BA5F-95E3F4880ECC}.Release|Any CPU.Build.0 = Release|Any CPU
		{6265E0DD-D763-4F01-9D20-0C92E671664C}.Debug|Any CPU.ActiveCfg = Debug|Any CPU
		{6265E0DD-D763-4F01-9D20-0C92E671664C}.Debug|Any CPU.Build.0 = Debug|Any CPU
		{6265E0DD-D763-4F01-9D20-0C92E671664C}.Release|Any CPU.ActiveCfg = Release|Any CPU
		{6265E0DD-D763-4F01-9D20-0C92E671664C}.Release|Any CPU.Build.0 = Release|Any CPU
		{59868CCF-F94C-47B9-A3C3-56A230EAD1EE}.Debug|Any CPU.ActiveCfg = Debug|Any CPU
		{59868CCF-F94C-47B9-A3C3-56A230EAD1EE}.Debug|Any CPU.Build.0 = Debug|Any CPU
		{59868CCF-F94C-47B9-A3C3-56A230EAD1EE}.Debug|Any CPU.Deploy.0 = Debug|Any CPU
		{59868CCF-F94C-47B9-A3C3-56A230EAD1EE}.Release|Any CPU.ActiveCfg = Release|Any CPU
		{59868CCF-F94C-47B9-A3C3-56A230EAD1EE}.Release|Any CPU.Build.0 = Release|Any CPU
		{59868CCF-F94C-47B9-A3C3-56A230EAD1EE}.Release|Any CPU.Deploy.0 = Release|Any CPU
		{F1F387B1-7525-429A-80D5-FFC1A5A1E79E}.Debug|Any CPU.ActiveCfg = Debug|Any CPU
		{F1F387B1-7525-429A-80D5-FFC1A5A1E79E}.Debug|Any CPU.Build.0 = Debug|Any CPU
		{F1F387B1-7525-429A-80D5-FFC1A5A1E79E}.Release|Any CPU.ActiveCfg = Release|Any CPU
		{F1F387B1-7525-429A-80D5-FFC1A5A1E79E}.Release|Any CPU.Build.0 = Release|Any CPU
		{405B4299-8027-4A44-9192-560A047B20E9}.Debug|Any CPU.ActiveCfg = Debug|Any CPU
		{405B4299-8027-4A44-9192-560A047B20E9}.Debug|Any CPU.Build.0 = Debug|Any CPU
		{405B4299-8027-4A44-9192-560A047B20E9}.Release|Any CPU.ActiveCfg = Release|Any CPU
		{405B4299-8027-4A44-9192-560A047B20E9}.Release|Any CPU.Build.0 = Release|Any CPU
		{B7E52BA9-BA73-4AAF-A526-BB4938986A09}.Debug|Any CPU.ActiveCfg = Debug|Any CPU
		{B7E52BA9-BA73-4AAF-A526-BB4938986A09}.Debug|Any CPU.Build.0 = Debug|Any CPU
		{B7E52BA9-BA73-4AAF-A526-BB4938986A09}.Release|Any CPU.ActiveCfg = Release|Any CPU
		{B7E52BA9-BA73-4AAF-A526-BB4938986A09}.Release|Any CPU.Build.0 = Release|Any CPU
		{30DBA210-C3A2-416B-A6F1-B244EF7A0B04}.Debug|Any CPU.ActiveCfg = Debug|Any CPU
		{30DBA210-C3A2-416B-A6F1-B244EF7A0B04}.Debug|Any CPU.Build.0 = Debug|Any CPU
		{30DBA210-C3A2-416B-A6F1-B244EF7A0B04}.Release|Any CPU.ActiveCfg = Release|Any CPU
		{30DBA210-C3A2-416B-A6F1-B244EF7A0B04}.Release|Any CPU.Build.0 = Release|Any CPU
	EndGlobalSection
	GlobalSection(SolutionProperties) = preSolution
		HideSolutionNode = FALSE
	EndGlobalSection
	GlobalSection(NestedProjects) = preSolution
		{273B7DA4-E088-481F-BAF9-07C40F4AD846} = {2AB14BA7-2CC1-4DE2-B2B1-C63B64AF7529}
		{F9F5124D-D946-465E-A11A-538D3D08409A} = {2AB14BA7-2CC1-4DE2-B2B1-C63B64AF7529}
		{A5D2662E-5AA1-42D8-BC3B-397B0496DD8F} = {273B7DA4-E088-481F-BAF9-07C40F4AD846}
		{EE6147C2-05CA-4133-9D72-5727A747165C} = {273B7DA4-E088-481F-BAF9-07C40F4AD846}
		{E65B47B5-EE2A-4140-BC7B-EC8B5F9F40AC} = {273B7DA4-E088-481F-BAF9-07C40F4AD846}
		{00B9AF72-E40D-4F31-9049-E4E83E2F09D4} = {273B7DA4-E088-481F-BAF9-07C40F4AD846}
		{18A10247-84EB-45E4-8496-4B5F306E9E67} = {273B7DA4-E088-481F-BAF9-07C40F4AD846}
		{0525E462-CF46-4BF0-A2EF-D8E6049C4C85} = {273B7DA4-E088-481F-BAF9-07C40F4AD846}
		{957672B1-1645-420D-8557-83DC71536F1E} = {273B7DA4-E088-481F-BAF9-07C40F4AD846}
		{A3C82334-ED1F-41F1-AF07-8BCE063264AB} = {957672B1-1645-420D-8557-83DC71536F1E}
		{F840535E-B190-4D31-9E15-4F82500FB084} = {957672B1-1645-420D-8557-83DC71536F1E}
		{998B9FBB-8648-4E84-B92C-E2A6AB4AE992} = {F9F5124D-D946-465E-A11A-538D3D08409A}
		{352DDB5F-0B55-47EE-8CA1-BB4B9EF4FD0D} = {998B9FBB-8648-4E84-B92C-E2A6AB4AE992}
		{55BB80A5-A51E-47BD-87A1-AAAA294AB14C} = {352DDB5F-0B55-47EE-8CA1-BB4B9EF4FD0D}
		{7EC46F39-4A69-4E5C-B98D-9B6F035BBDAB} = {352DDB5F-0B55-47EE-8CA1-BB4B9EF4FD0D}
		{78D17719-AE72-4831-81ED-DB4CEEDB485F} = {E55C01F0-006D-4E51-A72A-E2E2E03D432F}
		{E55C01F0-006D-4E51-A72A-E2E2E03D432F} = {998B9FBB-8648-4E84-B92C-E2A6AB4AE992}
		{E1C02FD3-FA11-4981-8CA2-12EE0BBE1437} = {E55C01F0-006D-4E51-A72A-E2E2E03D432F}
		{60BFC6E5-A34B-4C91-B4BE-473F38408450} = {998B9FBB-8648-4E84-B92C-E2A6AB4AE992}
		{A3F6A713-9903-4C14-9D44-19015967C0F5} = {60BFC6E5-A34B-4C91-B4BE-473F38408450}
		{E4203FE1-0F2D-4B98-8859-6CA5C31EC74D} = {60BFC6E5-A34B-4C91-B4BE-473F38408450}
		{822AEF94-F8A3-48E6-9520-E891972D7F98} = {60BFC6E5-A34B-4C91-B4BE-473F38408450}
		{EEF6EB8B-BB2D-48B0-B71C-8C5DE615DF13} = {60BFC6E5-A34B-4C91-B4BE-473F38408450}
		{8AE51237-BE27-4F9B-BCCD-E8D7E4774C2D} = {60BFC6E5-A34B-4C91-B4BE-473F38408450}
		{C0968447-3FC5-4E5B-8C27-A931CE662E63} = {998B9FBB-8648-4E84-B92C-E2A6AB4AE992}
		{4A68D82F-7A91-4BC9-ADFF-CE4F20DA6996} = {C0968447-3FC5-4E5B-8C27-A931CE662E63}
		{3E5D0322-F4CC-44B7-929E-9D6ED1FFA3F1} = {C0968447-3FC5-4E5B-8C27-A931CE662E63}
		{CA3A3744-0BD1-4B92-9AA2-C48E0B95C23B} = {C0968447-3FC5-4E5B-8C27-A931CE662E63}
		{DE7B5307-9AB1-43E9-A778-47605D75D6C8} = {C0968447-3FC5-4E5B-8C27-A931CE662E63}
		{20A0981D-853F-4648-9E77-74F8FBB349E5} = {998B9FBB-8648-4E84-B92C-E2A6AB4AE992}
		{1FC84A5D-62AA-4A34-A126-FBAD165ACD65} = {998B9FBB-8648-4E84-B92C-E2A6AB4AE992}
		{1AAF3532-D9E6-47D9-8409-E4B26BA2014C} = {998B9FBB-8648-4E84-B92C-E2A6AB4AE992}
		{C837658B-909A-4606-8261-F402EABBA4D5} = {64780C2F-D210-4DE0-976C-EF5884DA75D3}
		{8355519D-BC4A-4BF0-AD88-AD26300E5900} = {998B9FBB-8648-4E84-B92C-E2A6AB4AE992}
		{B73963F3-5B0F-48D1-899D-C45141FCBAE8} = {A5D2662E-5AA1-42D8-BC3B-397B0496DD8F}
		{DED0684E-1D51-45D4-8D34-DA48E8389031} = {A3C82334-ED1F-41F1-AF07-8BCE063264AB}
		{95358526-EE23-4483-B3F4-4B3FF89BBAEB} = {273B7DA4-E088-481F-BAF9-07C40F4AD846}
		{423357CE-426D-4EC5-BF94-7258DF61263B} = {95358526-EE23-4483-B3F4-4B3FF89BBAEB}
		{62D803A8-8E2B-47AA-81C2-954D77F9F3CC} = {A5D2662E-5AA1-42D8-BC3B-397B0496DD8F}
		{501562A8-5A70-433B-9316-F5B47DB5991B} = {EE6147C2-05CA-4133-9D72-5727A747165C}
		{CDC9089F-2694-44EB-9E1B-7B774B3669D8} = {A5D2662E-5AA1-42D8-BC3B-397B0496DD8F}
		{BCB4ED31-6F10-4356-86F2-3839192A5D2D} = {E65B47B5-EE2A-4140-BC7B-EC8B5F9F40AC}
		{3C2A6C14-86A1-4EFC-BEF5-F55554A153EB} = {A5D2662E-5AA1-42D8-BC3B-397B0496DD8F}
		{306D2CB1-A1ED-4D8E-B3B8-9776297F3E1D} = {A5D2662E-5AA1-42D8-BC3B-397B0496DD8F}
		{DFDC970D-8287-4A38-A235-5DF76B22554B} = {00B9AF72-E40D-4F31-9049-E4E83E2F09D4}
		{2CFA768E-D42E-4A4E-BC60-BCB107992CB4} = {18A10247-84EB-45E4-8496-4B5F306E9E67}
		{047CF6E3-E5E6-4920-A05A-77D9A6E995D3} = {A5D2662E-5AA1-42D8-BC3B-397B0496DD8F}
		{A1DA14E8-F3C8-4FB0-8D17-976FDB09F08A} = {55BB80A5-A51E-47BD-87A1-AAAA294AB14C}
		{E33E73D8-AD5A-4F5F-9734-F602CA36082B} = {7EC46F39-4A69-4E5C-B98D-9B6F035BBDAB}
		{74460E65-1748-4ABA-B352-DF96548A77DD} = {78D17719-AE72-4831-81ED-DB4CEEDB485F}
		{567C1E1D-9DC5-4E4F-991C-A5909D9F7390} = {E1C02FD3-FA11-4981-8CA2-12EE0BBE1437}
		{39FA830B-AFFC-4319-BA5F-95E3F4880ECC} = {A3F6A713-9903-4C14-9D44-19015967C0F5}
		{6265E0DD-D763-4F01-9D20-0C92E671664C} = {E4203FE1-0F2D-4B98-8859-6CA5C31EC74D}
		{59868CCF-F94C-47B9-A3C3-56A230EAD1EE} = {20A0981D-853F-4648-9E77-74F8FBB349E5}
		{F1F387B1-7525-429A-80D5-FFC1A5A1E79E} = {64780C2F-D210-4DE0-976C-EF5884DA75D3}
		{405B4299-8027-4A44-9192-560A047B20E9} = {E4203FE1-0F2D-4B98-8859-6CA5C31EC74D}
		{D4B33216-93A1-4E57-8BC8-56116757F385} = {273B7DA4-E088-481F-BAF9-07C40F4AD846}
		{B7E52BA9-BA73-4AAF-A526-BB4938986A09} = {D4B33216-93A1-4E57-8BC8-56116757F385}
		{4272F5D5-11F3-4A80-9AB3-C6A7F7FD7191} = {273B7DA4-E088-481F-BAF9-07C40F4AD846}
		{30DBA210-C3A2-416B-A6F1-B244EF7A0B04} = {A5D2662E-5AA1-42D8-BC3B-397B0496DD8F}
	EndGlobalSection
EndGlobal
