
Microsoft Visual Studio Solution File, Format Version 12.00
# Visual Studio 14
VisualStudioVersion = 14.0.23107.0
MinimumVisualStudioVersion = 10.0.40219.1
Project("{2150E333-8FDC-42A3-9474-1A3956D46DE8}") = "0.Technical Packages", "0.Technical Packages", "{273B7DA4-E088-481F-BAF9-07C40F4AD846}"
EndProject
Project("{2150E333-8FDC-42A3-9474-1A3956D46DE8}") = "0.Abstraction", "0.Abstraction", "{A5D2662E-5AA1-42D8-BC3B-397B0496DD8F}"
EndProject
Project("{2150E333-8FDC-42A3-9474-1A3956D46DE8}") = "2.Domain Driven Design", "2.Domain Driven Design", "{EE6147C2-05CA-4133-9D72-5727A747165C}"
EndProject
Project("{2150E333-8FDC-42A3-9474-1A3956D46DE8}") = "3.Caching", "3.Caching", "{E65B47B5-EE2A-4140-BC7B-EC8B5F9F40AC}"
EndProject
Project("{2150E333-8FDC-42A3-9474-1A3956D46DE8}") = "4.Logging", "4.Logging", "{00B9AF72-E40D-4F31-9049-E4E83E2F09D4}"
EndProject
Project("{2150E333-8FDC-42A3-9474-1A3956D46DE8}") = "5.Service And Remoting", "5.Service And Remoting", "{18A10247-84EB-45E4-8496-4B5F306E9E67}"
EndProject
Project("{2150E333-8FDC-42A3-9474-1A3956D46DE8}") = "98. Testing", "98. Testing", "{0525E462-CF46-4BF0-A2EF-D8E6049C4C85}"
EndProject
Project("{2150E333-8FDC-42A3-9474-1A3956D46DE8}") = "99.Common Utilities", "99.Common Utilities", "{957672B1-1645-420D-8557-83DC71536F1E}"
EndProject
Project("{2150E333-8FDC-42A3-9474-1A3956D46DE8}") = "0.Common", "0.Common", "{A3C82334-ED1F-41F1-AF07-8BCE063264AB}"
EndProject
Project("{2150E333-8FDC-42A3-9474-1A3956D46DE8}") = "1.Web", "1.Web", "{F840535E-B190-4D31-9E15-4F82500FB084}"
EndProject
Project("{FAE04EC0-301F-11D3-BF4B-00C04F79EFBC}") = "DEAD.Common.Interfaces", "DEAD.Common.Interfaces\DEAD.Common.Interfaces.csproj", "{B73963F3-5B0F-48D1-899D-C45141FCBAE8}"
EndProject
Project("{FAE04EC0-301F-11D3-BF4B-00C04F79EFBC}") = "DEAD.Common", "DEAD.Common\DEAD.Common.csproj", "{DED0684E-1D51-45D4-8D34-DA48E8389031}"
EndProject
Project("{2150E333-8FDC-42A3-9474-1A3956D46DE8}") = "1.Dependency Injection", "1.Dependency Injection", "{95358526-EE23-4483-B3F4-4B3FF89BBAEB}"
EndProject
Project("{FAE04EC0-301F-11D3-BF4B-00C04F79EFBC}") = "DEAD.DependencyInjection", "DEAD.DependencyInjection\DEAD.DependencyInjection.csproj", "{423357CE-426D-4EC5-BF94-7258DF61263B}"
EndProject
Project("{FAE04EC0-301F-11D3-BF4B-00C04F79EFBC}") = "DEAD.DependencyInjection.Interfaces", "DEAD.DependencyInjection.Interfaces\DEAD.DependencyInjection.Interfaces.csproj", "{62D803A8-8E2B-47AA-81C2-954D77F9F3CC}"
EndProject
Project("{FAE04EC0-301F-11D3-BF4B-00C04F79EFBC}") = "DEAD.DomainPatterns", "DEAD.DomainPatterns\DEAD.DomainPatterns.csproj", "{501562A8-5A70-433B-9316-F5B47DB5991B}"
EndProject
Project("{FAE04EC0-301F-11D3-BF4B-00C04F79EFBC}") = "DEAD.DomainPatterns.Interfaces", "DEAD.DomainPatterns.Interfaces\DEAD.DomainPatterns.Interfaces.csproj", "{CDC9089F-2694-44EB-9E1B-7B774B3669D8}"
EndProject
Project("{FAE04EC0-301F-11D3-BF4B-00C04F79EFBC}") = "DEAD.Caching", "DEAD.Caching\DEAD.Caching.csproj", "{BCB4ED31-6F10-4356-86F2-3839192A5D2D}"
EndProject
Project("{FAE04EC0-301F-11D3-BF4B-00C04F79EFBC}") = "DEAD.Caching.Interfaces", "DEAD.Caching.Interfaces\DEAD.Caching.Interfaces.csproj", "{3C2A6C14-86A1-4EFC-BEF5-F55554A153EB}"
EndProject
Project("{FAE04EC0-301F-11D3-BF4B-00C04F79EFBC}") = "DEAD.Logging.Interfaces", "DEAD.Logging.Interfaces\DEAD.Logging.Interfaces.csproj", "{306D2CB1-A1ED-4D8E-B3B8-9776297F3E1D}"
EndProject
Project("{FAE04EC0-301F-11D3-BF4B-00C04F79EFBC}") = "DEAD.Logging", "DEAD.Logging\DEAD.Logging.csproj", "{DFDC970D-8287-4A38-A235-5DF76B22554B}"
EndProject
Project("{FAE04EC0-301F-11D3-BF4B-00C04F79EFBC}") = "DEAD.ServiceAndRemoting", "DEAD.ServiceAndRemoting\DEAD.ServiceAndRemoting.csproj", "{2CFA768E-D42E-4A4E-BC60-BCB107992CB4}"
EndProject
Project("{FAE04EC0-301F-11D3-BF4B-00C04F79EFBC}") = "DEAD.ServiceAndRemoting.Interfaces", "DEAD.ServiceAndRemoting.Interfaces\DEAD.ServiceAndRemoting.Interfaces.csproj", "{047CF6E3-E5E6-4920-A05A-77D9A6E995D3}"
EndProject
Project("{2150E333-8FDC-42A3-9474-1A3956D46DE8}") = "6.Searching", "6.Searching", "{D4B33216-93A1-4E57-8BC8-56116757F385}"
EndProject
Project("{FAE04EC0-301F-11D3-BF4B-00C04F79EFBC}") = "DEAD.Searching", "DEAD.Searching\DEAD.Searching.csproj", "{B7E52BA9-BA73-4AAF-A526-BB4938986A09}"
EndProject
Project("{2150E333-8FDC-42A3-9474-1A3956D46DE8}") = "7.DataFiltering", "7.DataFiltering", "{4272F5D5-11F3-4A80-9AB3-C6A7F7FD7191}"
EndProject
Global
	GlobalSection(SolutionConfigurationPlatforms) = preSolution
		Debug|Any CPU = Debug|Any CPU
		Release|Any CPU = Release|Any CPU
	EndGlobalSection
	GlobalSection(ProjectConfigurationPlatforms) = postSolution
		{B73963F3-5B0F-48D1-899D-C45141FCBAE8}.Debug|Any CPU.ActiveCfg = Debug|Any CPU
		{B73963F3-5B0F-48D1-899D-C45141FCBAE8}.Debug|Any CPU.Build.0 = Debug|Any CPU
		{B73963F3-5B0F-48D1-899D-C45141FCBAE8}.Release|Any CPU.ActiveCfg = Release|Any CPU
		{B73963F3-5B0F-48D1-899D-C45141FCBAE8}.Release|Any CPU.Build.0 = Release|Any CPU
		{DED0684E-1D51-45D4-8D34-DA48E8389031}.Debug|Any CPU.ActiveCfg = Debug|Any CPU
		{DED0684E-1D51-45D4-8D34-DA48E8389031}.Debug|Any CPU.Build.0 = Debug|Any CPU
		{DED0684E-1D51-45D4-8D34-DA48E8389031}.Release|Any CPU.ActiveCfg = Release|Any CPU
		{DED0684E-1D51-45D4-8D34-DA48E8389031}.Release|Any CPU.Build.0 = Release|Any CPU
		{423357CE-426D-4EC5-BF94-7258DF61263B}.Debug|Any CPU.ActiveCfg = Debug|Any CPU
		{423357CE-426D-4EC5-BF94-7258DF61263B}.Debug|Any CPU.Build.0 = Debug|Any CPU
		{423357CE-426D-4EC5-BF94-7258DF61263B}.Release|Any CPU.ActiveCfg = Release|Any CPU
		{423357CE-426D-4EC5-BF94-7258DF61263B}.Release|Any CPU.Build.0 = Release|Any CPU
		{62D803A8-8E2B-47AA-81C2-954D77F9F3CC}.Debug|Any CPU.ActiveCfg = Debug|Any CPU
		{62D803A8-8E2B-47AA-81C2-954D77F9F3CC}.Debug|Any CPU.Build.0 = Debug|Any CPU
		{62D803A8-8E2B-47AA-81C2-954D77F9F3CC}.Release|Any CPU.ActiveCfg = Release|Any CPU
		{62D803A8-8E2B-47AA-81C2-954D77F9F3CC}.Release|Any CPU.Build.0 = Release|Any CPU
		{501562A8-5A70-433B-9316-F5B47DB5991B}.Debug|Any CPU.ActiveCfg = Debug|Any CPU
		{501562A8-5A70-433B-9316-F5B47DB5991B}.Debug|Any CPU.Build.0 = Debug|Any CPU
		{501562A8-5A70-433B-9316-F5B47DB5991B}.Release|Any CPU.ActiveCfg = Release|Any CPU
		{501562A8-5A70-433B-9316-F5B47DB5991B}.Release|Any CPU.Build.0 = Release|Any CPU
		{CDC9089F-2694-44EB-9E1B-7B774B3669D8}.Debug|Any CPU.ActiveCfg = Debug|Any CPU
		{CDC9089F-2694-44EB-9E1B-7B774B3669D8}.Debug|Any CPU.Build.0 = Debug|Any CPU
		{CDC9089F-2694-44EB-9E1B-7B774B3669D8}.Release|Any CPU.ActiveCfg = Release|Any CPU
		{CDC9089F-2694-44EB-9E1B-7B774B3669D8}.Release|Any CPU.Build.0 = Release|Any CPU
		{BCB4ED31-6F10-4356-86F2-3839192A5D2D}.Debug|Any CPU.ActiveCfg = Debug|Any CPU
		{BCB4ED31-6F10-4356-86F2-3839192A5D2D}.Debug|Any CPU.Build.0 = Debug|Any CPU
		{BCB4ED31-6F10-4356-86F2-3839192A5D2D}.Release|Any CPU.ActiveCfg = Release|Any CPU
		{BCB4ED31-6F10-4356-86F2-3839192A5D2D}.Release|Any CPU.Build.0 = Release|Any CPU
		{3C2A6C14-86A1-4EFC-BEF5-F55554A153EB}.Debug|Any CPU.ActiveCfg = Debug|Any CPU
		{3C2A6C14-86A1-4EFC-BEF5-F55554A153EB}.Debug|Any CPU.Build.0 = Debug|Any CPU
		{3C2A6C14-86A1-4EFC-BEF5-F55554A153EB}.Release|Any CPU.ActiveCfg = Release|Any CPU
		{3C2A6C14-86A1-4EFC-BEF5-F55554A153EB}.Release|Any CPU.Build.0 = Release|Any CPU
		{306D2CB1-A1ED-4D8E-B3B8-9776297F3E1D}.Debug|Any CPU.ActiveCfg = Debug|Any CPU
		{306D2CB1-A1ED-4D8E-B3B8-9776297F3E1D}.Debug|Any CPU.Build.0 = Debug|Any CPU
		{306D2CB1-A1ED-4D8E-B3B8-9776297F3E1D}.Release|Any CPU.ActiveCfg = Release|Any CPU
		{306D2CB1-A1ED-4D8E-B3B8-9776297F3E1D}.Release|Any CPU.Build.0 = Release|Any CPU
		{DFDC970D-8287-4A38-A235-5DF76B22554B}.Debug|Any CPU.ActiveCfg = Debug|Any CPU
		{DFDC970D-8287-4A38-A235-5DF76B22554B}.Debug|Any CPU.Build.0 = Debug|Any CPU
		{DFDC970D-8287-4A38-A235-5DF76B22554B}.Release|Any CPU.ActiveCfg = Release|Any CPU
		{DFDC970D-8287-4A38-A235-5DF76B22554B}.Release|Any CPU.Build.0 = Release|Any CPU
		{2CFA768E-D42E-4A4E-BC60-BCB107992CB4}.Debug|Any CPU.ActiveCfg = Debug|Any CPU
		{2CFA768E-D42E-4A4E-BC60-BCB107992CB4}.Debug|Any CPU.Build.0 = Debug|Any CPU
		{2CFA768E-D42E-4A4E-BC60-BCB107992CB4}.Release|Any CPU.ActiveCfg = Release|Any CPU
		{2CFA768E-D42E-4A4E-BC60-BCB107992CB4}.Release|Any CPU.Build.0 = Release|Any CPU
		{047CF6E3-E5E6-4920-A05A-77D9A6E995D3}.Debug|Any CPU.ActiveCfg = Debug|Any CPU
		{047CF6E3-E5E6-4920-A05A-77D9A6E995D3}.Debug|Any CPU.Build.0 = Debug|Any CPU
		{047CF6E3-E5E6-4920-A05A-77D9A6E995D3}.Release|Any CPU.ActiveCfg = Release|Any CPU
		{047CF6E3-E5E6-4920-A05A-77D9A6E995D3}.Release|Any CPU.Build.0 = Release|Any CPU
		{B7E52BA9-BA73-4AAF-A526-BB4938986A09}.Debug|Any CPU.ActiveCfg = Debug|Any CPU
		{B7E52BA9-BA73-4AAF-A526-BB4938986A09}.Debug|Any CPU.Build.0 = Debug|Any CPU
		{B7E52BA9-BA73-4AAF-A526-BB4938986A09}.Release|Any CPU.ActiveCfg = Release|Any CPU
		{B7E52BA9-BA73-4AAF-A526-BB4938986A09}.Release|Any CPU.Build.0 = Release|Any CPU
	EndGlobalSection
	GlobalSection(SolutionProperties) = preSolution
		HideSolutionNode = FALSE
	EndGlobalSection
	GlobalSection(NestedProjects) = preSolution
		{A5D2662E-5AA1-42D8-BC3B-397B0496DD8F} = {273B7DA4-E088-481F-BAF9-07C40F4AD846}
		{EE6147C2-05CA-4133-9D72-5727A747165C} = {273B7DA4-E088-481F-BAF9-07C40F4AD846}
		{E65B47B5-EE2A-4140-BC7B-EC8B5F9F40AC} = {273B7DA4-E088-481F-BAF9-07C40F4AD846}
		{00B9AF72-E40D-4F31-9049-E4E83E2F09D4} = {273B7DA4-E088-481F-BAF9-07C40F4AD846}
		{18A10247-84EB-45E4-8496-4B5F306E9E67} = {273B7DA4-E088-481F-BAF9-07C40F4AD846}
		{0525E462-CF46-4BF0-A2EF-D8E6049C4C85} = {273B7DA4-E088-481F-BAF9-07C40F4AD846}
		{957672B1-1645-420D-8557-83DC71536F1E} = {273B7DA4-E088-481F-BAF9-07C40F4AD846}
		{A3C82334-ED1F-41F1-AF07-8BCE063264AB} = {957672B1-1645-420D-8557-83DC71536F1E}
		{F840535E-B190-4D31-9E15-4F82500FB084} = {957672B1-1645-420D-8557-83DC71536F1E}
		{B73963F3-5B0F-48D1-899D-C45141FCBAE8} = {A5D2662E-5AA1-42D8-BC3B-397B0496DD8F}
		{DED0684E-1D51-45D4-8D34-DA48E8389031} = {A3C82334-ED1F-41F1-AF07-8BCE063264AB}
		{95358526-EE23-4483-B3F4-4B3FF89BBAEB} = {273B7DA4-E088-481F-BAF9-07C40F4AD846}
		{423357CE-426D-4EC5-BF94-7258DF61263B} = {95358526-EE23-4483-B3F4-4B3FF89BBAEB}
		{62D803A8-8E2B-47AA-81C2-954D77F9F3CC} = {A5D2662E-5AA1-42D8-BC3B-397B0496DD8F}
		{501562A8-5A70-433B-9316-F5B47DB5991B} = {EE6147C2-05CA-4133-9D72-5727A747165C}
		{CDC9089F-2694-44EB-9E1B-7B774B3669D8} = {A5D2662E-5AA1-42D8-BC3B-397B0496DD8F}
		{BCB4ED31-6F10-4356-86F2-3839192A5D2D} = {E65B47B5-EE2A-4140-BC7B-EC8B5F9F40AC}
		{3C2A6C14-86A1-4EFC-BEF5-F55554A153EB} = {A5D2662E-5AA1-42D8-BC3B-397B0496DD8F}
		{306D2CB1-A1ED-4D8E-B3B8-9776297F3E1D} = {A5D2662E-5AA1-42D8-BC3B-397B0496DD8F}
		{DFDC970D-8287-4A38-A235-5DF76B22554B} = {00B9AF72-E40D-4F31-9049-E4E83E2F09D4}
		{2CFA768E-D42E-4A4E-BC60-BCB107992CB4} = {18A10247-84EB-45E4-8496-4B5F306E9E67}
		{047CF6E3-E5E6-4920-A05A-77D9A6E995D3} = {A5D2662E-5AA1-42D8-BC3B-397B0496DD8F}
		{D4B33216-93A1-4E57-8BC8-56116757F385} = {273B7DA4-E088-481F-BAF9-07C40F4AD846}
		{B7E52BA9-BA73-4AAF-A526-BB4938986A09} = {D4B33216-93A1-4E57-8BC8-56116757F385}
		{4272F5D5-11F3-4A80-9AB3-C6A7F7FD7191} = {273B7DA4-E088-481F-BAF9-07C40F4AD846}
	EndGlobalSection
EndGlobal
