
Microsoft Visual Studio Solution File, Format Version 12.00
# Visual Studio 15
VisualStudioVersion = 15.0.26730.10
MinimumVisualStudioVersion = 10.0.40219.1
Project("{2150E333-8FDC-42A3-9474-1A3956D46DE8}") = "0.Technical Packages", "0.Technical Packages", "{273B7DA4-E088-481F-BAF9-07C40F4AD846}"
EndProject
Project("{2150E333-8FDC-42A3-9474-1A3956D46DE8}") = "0.Abstraction", "0.Abstraction", "{A5D2662E-5AA1-42D8-BC3B-397B0496DD8F}"
EndProject
Project("{2150E333-8FDC-42A3-9474-1A3956D46DE8}") = "2.Domain Driven Design", "2.Domain Driven Design", "{EE6147C2-05CA-4133-9D72-5727A747165C}"
EndProject
Project("{2150E333-8FDC-42A3-9474-1A3956D46DE8}") = "3.Caching", "3.Caching", "{E65B47B5-EE2A-4140-BC7B-EC8B5F9F40AC}"
EndProject
Project("{2150E333-8FDC-42A3-9474-1A3956D46DE8}") = "4.Logging", "4.Logging", "{00B9AF72-E40D-4F31-9049-E4E83E2F09D4}"
EndProject
Project("{2150E333-8FDC-42A3-9474-1A3956D46DE8}") = "5.Service And Remoting", "5.Service And Remoting", "{18A10247-84EB-45E4-8496-4B5F306E9E67}"
EndProject
Project("{2150E333-8FDC-42A3-9474-1A3956D46DE8}") = "98. Testing", "98. Testing", "{0525E462-CF46-4BF0-A2EF-D8E6049C4C85}"
EndProject
Project("{2150E333-8FDC-42A3-9474-1A3956D46DE8}") = "99.Common Utilities", "99.Common Utilities", "{957672B1-1645-420D-8557-83DC71536F1E}"
EndProject
Project("{2150E333-8FDC-42A3-9474-1A3956D46DE8}") = "0.Common", "0.Common", "{A3C82334-ED1F-41F1-AF07-8BCE063264AB}"
EndProject
Project("{2150E333-8FDC-42A3-9474-1A3956D46DE8}") = "1.Web", "1.Web", "{F840535E-B190-4D31-9E15-4F82500FB084}"
EndProject
Project("{2150E333-8FDC-42A3-9474-1A3956D46DE8}") = "1.Dependency Injection", "1.Dependency Injection", "{95358526-EE23-4483-B3F4-4B3FF89BBAEB}"
EndProject
Project("{FAE04EC0-301F-11D3-BF4B-00C04F79EFBC}") = "DEAD.ServiceAndRemoting", "DEAD.ServiceAndRemoting\DEAD.ServiceAndRemoting.csproj", "{2CFA768E-D42E-4A4E-BC60-BCB107992CB4}"
EndProject
Project("{9A19103F-16F7-4668-BE54-9A1E7A4F7556}") = "DEAD.Caching.Interfaces", "DEAD.Caching.Interfaces\DEAD.Caching.Interfaces.csproj", "{26D4B070-F184-4BC3-ACEA-3ABB79F6FBCD}"
EndProject
Project("{9A19103F-16F7-4668-BE54-9A1E7A4F7556}") = "DEAD.Common.Interfaces", "DEAD.Common.Interfaces\DEAD.Common.Interfaces.csproj", "{45DD97A2-0947-4871-B2F9-662D1A95178F}"
EndProject
Project("{9A19103F-16F7-4668-BE54-9A1E7A4F7556}") = "DEAD.DependencyInjection.Interfaces", "DEAD.DependencyInjection.Interfaces\DEAD.DependencyInjection.Interfaces.csproj", "{BD4B8D28-9C08-4A80-9925-B72DABBD293C}"
EndProject
Project("{9A19103F-16F7-4668-BE54-9A1E7A4F7556}") = "DEAD.DomainPatterns.Interfaces", "DEAD.DomainPatterns.Interfaces\DEAD.DomainPatterns.Interfaces.csproj", "{79A62B30-D276-46FB-9839-AE88252EC290}"
EndProject
Project("{9A19103F-16F7-4668-BE54-9A1E7A4F7556}") = "DEAD.Logging.Interfaces", "DEAD.Logging.Interfaces\DEAD.Logging.Interfaces.csproj", "{974B4600-2BED-4CF9-B713-8487DA659FC5}"
EndProject
Project("{9A19103F-16F7-4668-BE54-9A1E7A4F7556}") = "DEAD.ServiceAndRemoting.Interfaces", "DEAD.ServiceAndRemoting.Interfaces\DEAD.ServiceAndRemoting.Interfaces.csproj", "{5A95456D-73D8-45EE-B463-2C5BC6576D12}"
EndProject
Project("{9A19103F-16F7-4668-BE54-9A1E7A4F7556}") = "DEAD.DependencyInjection", "DEAD.DependencyInjection\DEAD.DependencyInjection.csproj", "{E94C71A7-691C-4D0E-9EF4-6C15DAEDAE6C}"
EndProject
Project("{FAE04EC0-301F-11D3-BF4B-00C04F79EFBC}") = "DEAD.DependencyInjection.Unity", "DEAD.DependencyInjection.Unity\DEAD.DependencyInjection.Unity.csproj", "{423357CE-426D-4EC5-BF94-7258DF61263B}"
EndProject
Project("{9A19103F-16F7-4668-BE54-9A1E7A4F7556}") = "DEAD.DependencyInjection.Autofac", "DEAD.DependencyInjection.Autofac\DEAD.DependencyInjection.Autofac.csproj", "{4060C8AF-30AA-451C-9301-D56F8C1DAFB2}"
EndProject
Project("{9A19103F-16F7-4668-BE54-9A1E7A4F7556}") = "DEAD.Logging", "DEAD.Logging\DEAD.Logging.csproj", "{DB7002EB-3CB7-432E-A0AB-10EC24305552}"
EndProject
Project("{9A19103F-16F7-4668-BE54-9A1E7A4F7556}") = "DEAD.Logging.Log4net", "DEAD.Logging.Log4net\DEAD.Logging.Log4net.csproj", "{254C976A-A477-4FE9-9DED-469B7604806D}"
EndProject
Project("{FAE04EC0-301F-11D3-BF4B-00C04F79EFBC}") = "DEAD.DomainPatterns.EntityFramework", "DEAD.DomainPatterns.EntityFramework\DEAD.DomainPatterns.EntityFramework.csproj", "{5FDB0177-785A-4A3F-9AC3-18DD492AC0B8}"
EndProject
Project("{2150E333-8FDC-42A3-9474-1A3956D46DE8}") = "_.Build", "_.Build", "{3BF30B5D-98B9-40AB-8772-D91A011CE4B4}"
EndProject
Project("{FAE04EC0-301F-11D3-BF4B-00C04F79EFBC}") = "BuildMe_BuildAll", "BuildMe_BuildAll\BuildMe_BuildAll.csproj", "{E3AB5EBC-90A1-48F2-A38F-B627AE828032}"
	ProjectSection(ProjectDependencies) = postProject
		{974B4600-2BED-4CF9-B713-8487DA659FC5} = {974B4600-2BED-4CF9-B713-8487DA659FC5}
		{3AA4A127-B43C-468C-A69B-C03A69FB42CC} = {3AA4A127-B43C-468C-A69B-C03A69FB42CC}
		{BD4B8D28-9C08-4A80-9925-B72DABBD293C} = {BD4B8D28-9C08-4A80-9925-B72DABBD293C}
		{79A62B30-D276-46FB-9839-AE88252EC290} = {79A62B30-D276-46FB-9839-AE88252EC290}
		{254C976A-A477-4FE9-9DED-469B7604806D} = {254C976A-A477-4FE9-9DED-469B7604806D}
		{5A95456D-73D8-45EE-B463-2C5BC6576D12} = {5A95456D-73D8-45EE-B463-2C5BC6576D12}
		{26D4B070-F184-4BC3-ACEA-3ABB79F6FBCD} = {26D4B070-F184-4BC3-ACEA-3ABB79F6FBCD}
		{5FDB0177-785A-4A3F-9AC3-18DD492AC0B8} = {5FDB0177-785A-4A3F-9AC3-18DD492AC0B8}
		{2CFA768E-D42E-4A4E-BC60-BCB107992CB4} = {2CFA768E-D42E-4A4E-BC60-BCB107992CB4}
		{45DD97A2-0947-4871-B2F9-662D1A95178F} = {45DD97A2-0947-4871-B2F9-662D1A95178F}
		{E94C71A7-691C-4D0E-9EF4-6C15DAEDAE6C} = {E94C71A7-691C-4D0E-9EF4-6C15DAEDAE6C}
		{E70ECDAB-69FD-41F8-ACD9-53F93F7AC9A3} = {E70ECDAB-69FD-41F8-ACD9-53F93F7AC9A3}
		{4060C8AF-30AA-451C-9301-D56F8C1DAFB2} = {4060C8AF-30AA-451C-9301-D56F8C1DAFB2}
		{423357CE-426D-4EC5-BF94-7258DF61263B} = {423357CE-426D-4EC5-BF94-7258DF61263B}
		{DB7002EB-3CB7-432E-A0AB-10EC24305552} = {DB7002EB-3CB7-432E-A0AB-10EC24305552}
	EndProjectSection
EndProject
Project("{9A19103F-16F7-4668-BE54-9A1E7A4F7556}") = "DEAD.Caching", "DEAD.Caching\DEAD.Caching.csproj", "{E70ECDAB-69FD-41F8-ACD9-53F93F7AC9A3}"
EndProject
Project("{9A19103F-16F7-4668-BE54-9A1E7A4F7556}") = "DEAD.DomainPatterns.EntityFrameworkCore", "DEAD.DomainPatterns.EntityFrameworkCore\DEAD.DomainPatterns.EntityFrameworkCore.csproj", "{3AA4A127-B43C-468C-A69B-C03A69FB42CC}"
EndProject
Project("{2150E333-8FDC-42A3-9474-1A3956D46DE8}") = "Solution Items", "Solution Items", "{BE7B5CCC-14E3-4D64-BAC5-599D0CBD3EBB}"
	ProjectSection(SolutionItems) = preProject
		NuGet.exe = NuGet.exe
	EndProjectSection
EndProject
Global
	GlobalSection(SolutionConfigurationPlatforms) = preSolution
		Debug|Any CPU = Debug|Any CPU
		Release|Any CPU = Release|Any CPU
	EndGlobalSection
	GlobalSection(ProjectConfigurationPlatforms) = postSolution
		{2CFA768E-D42E-4A4E-BC60-BCB107992CB4}.Debug|Any CPU.ActiveCfg = Debug|Any CPU
		{2CFA768E-D42E-4A4E-BC60-BCB107992CB4}.Debug|Any CPU.Build.0 = Debug|Any CPU
		{2CFA768E-D42E-4A4E-BC60-BCB107992CB4}.Release|Any CPU.ActiveCfg = Release|Any CPU
		{2CFA768E-D42E-4A4E-BC60-BCB107992CB4}.Release|Any CPU.Build.0 = Release|Any CPU
		{26D4B070-F184-4BC3-ACEA-3ABB79F6FBCD}.Debug|Any CPU.ActiveCfg = Debug|Any CPU
		{26D4B070-F184-4BC3-ACEA-3ABB79F6FBCD}.Debug|Any CPU.Build.0 = Debug|Any CPU
		{26D4B070-F184-4BC3-ACEA-3ABB79F6FBCD}.Release|Any CPU.ActiveCfg = Release|Any CPU
		{26D4B070-F184-4BC3-ACEA-3ABB79F6FBCD}.Release|Any CPU.Build.0 = Release|Any CPU
		{45DD97A2-0947-4871-B2F9-662D1A95178F}.Debug|Any CPU.ActiveCfg = Debug|Any CPU
		{45DD97A2-0947-4871-B2F9-662D1A95178F}.Debug|Any CPU.Build.0 = Debug|Any CPU
		{45DD97A2-0947-4871-B2F9-662D1A95178F}.Release|Any CPU.ActiveCfg = Release|Any CPU
		{45DD97A2-0947-4871-B2F9-662D1A95178F}.Release|Any CPU.Build.0 = Release|Any CPU
		{BD4B8D28-9C08-4A80-9925-B72DABBD293C}.Debug|Any CPU.ActiveCfg = Debug|Any CPU
		{BD4B8D28-9C08-4A80-9925-B72DABBD293C}.Debug|Any CPU.Build.0 = Debug|Any CPU
		{BD4B8D28-9C08-4A80-9925-B72DABBD293C}.Release|Any CPU.ActiveCfg = Release|Any CPU
		{BD4B8D28-9C08-4A80-9925-B72DABBD293C}.Release|Any CPU.Build.0 = Release|Any CPU
		{79A62B30-D276-46FB-9839-AE88252EC290}.Debug|Any CPU.ActiveCfg = Debug|Any CPU
		{79A62B30-D276-46FB-9839-AE88252EC290}.Debug|Any CPU.Build.0 = Debug|Any CPU
		{79A62B30-D276-46FB-9839-AE88252EC290}.Release|Any CPU.ActiveCfg = Release|Any CPU
		{79A62B30-D276-46FB-9839-AE88252EC290}.Release|Any CPU.Build.0 = Release|Any CPU
		{974B4600-2BED-4CF9-B713-8487DA659FC5}.Debug|Any CPU.ActiveCfg = Debug|Any CPU
		{974B4600-2BED-4CF9-B713-8487DA659FC5}.Debug|Any CPU.Build.0 = Debug|Any CPU
		{974B4600-2BED-4CF9-B713-8487DA659FC5}.Release|Any CPU.ActiveCfg = Release|Any CPU
		{974B4600-2BED-4CF9-B713-8487DA659FC5}.Release|Any CPU.Build.0 = Release|Any CPU
		{5A95456D-73D8-45EE-B463-2C5BC6576D12}.Debug|Any CPU.ActiveCfg = Debug|Any CPU
		{5A95456D-73D8-45EE-B463-2C5BC6576D12}.Debug|Any CPU.Build.0 = Debug|Any CPU
		{5A95456D-73D8-45EE-B463-2C5BC6576D12}.Release|Any CPU.ActiveCfg = Release|Any CPU
		{5A95456D-73D8-45EE-B463-2C5BC6576D12}.Release|Any CPU.Build.0 = Release|Any CPU
		{E94C71A7-691C-4D0E-9EF4-6C15DAEDAE6C}.Debug|Any CPU.ActiveCfg = Debug|Any CPU
		{E94C71A7-691C-4D0E-9EF4-6C15DAEDAE6C}.Debug|Any CPU.Build.0 = Debug|Any CPU
		{E94C71A7-691C-4D0E-9EF4-6C15DAEDAE6C}.Release|Any CPU.ActiveCfg = Release|Any CPU
		{E94C71A7-691C-4D0E-9EF4-6C15DAEDAE6C}.Release|Any CPU.Build.0 = Release|Any CPU
		{423357CE-426D-4EC5-BF94-7258DF61263B}.Debug|Any CPU.ActiveCfg = Debug|Any CPU
		{423357CE-426D-4EC5-BF94-7258DF61263B}.Debug|Any CPU.Build.0 = Debug|Any CPU
		{423357CE-426D-4EC5-BF94-7258DF61263B}.Release|Any CPU.ActiveCfg = Release|Any CPU
		{423357CE-426D-4EC5-BF94-7258DF61263B}.Release|Any CPU.Build.0 = Release|Any CPU
		{4060C8AF-30AA-451C-9301-D56F8C1DAFB2}.Debug|Any CPU.ActiveCfg = Debug|Any CPU
		{4060C8AF-30AA-451C-9301-D56F8C1DAFB2}.Debug|Any CPU.Build.0 = Debug|Any CPU
		{4060C8AF-30AA-451C-9301-D56F8C1DAFB2}.Release|Any CPU.ActiveCfg = Release|Any CPU
		{4060C8AF-30AA-451C-9301-D56F8C1DAFB2}.Release|Any CPU.Build.0 = Release|Any CPU
		{DB7002EB-3CB7-432E-A0AB-10EC24305552}.Debug|Any CPU.ActiveCfg = Debug|Any CPU
		{DB7002EB-3CB7-432E-A0AB-10EC24305552}.Debug|Any CPU.Build.0 = Debug|Any CPU
		{DB7002EB-3CB7-432E-A0AB-10EC24305552}.Release|Any CPU.ActiveCfg = Release|Any CPU
		{DB7002EB-3CB7-432E-A0AB-10EC24305552}.Release|Any CPU.Build.0 = Release|Any CPU
		{254C976A-A477-4FE9-9DED-469B7604806D}.Debug|Any CPU.ActiveCfg = Debug|Any CPU
		{254C976A-A477-4FE9-9DED-469B7604806D}.Debug|Any CPU.Build.0 = Debug|Any CPU
		{254C976A-A477-4FE9-9DED-469B7604806D}.Release|Any CPU.ActiveCfg = Release|Any CPU
		{254C976A-A477-4FE9-9DED-469B7604806D}.Release|Any CPU.Build.0 = Release|Any CPU
		{5FDB0177-785A-4A3F-9AC3-18DD492AC0B8}.Debug|Any CPU.ActiveCfg = Debug|Any CPU
		{5FDB0177-785A-4A3F-9AC3-18DD492AC0B8}.Debug|Any CPU.Build.0 = Debug|Any CPU
		{5FDB0177-785A-4A3F-9AC3-18DD492AC0B8}.Release|Any CPU.ActiveCfg = Release|Any CPU
		{5FDB0177-785A-4A3F-9AC3-18DD492AC0B8}.Release|Any CPU.Build.0 = Release|Any CPU
		{E3AB5EBC-90A1-48F2-A38F-B627AE828032}.Debug|Any CPU.ActiveCfg = Debug|Any CPU
		{E3AB5EBC-90A1-48F2-A38F-B627AE828032}.Debug|Any CPU.Build.0 = Debug|Any CPU
		{E3AB5EBC-90A1-48F2-A38F-B627AE828032}.Release|Any CPU.ActiveCfg = Release|Any CPU
		{E3AB5EBC-90A1-48F2-A38F-B627AE828032}.Release|Any CPU.Build.0 = Release|Any CPU
		{E70ECDAB-69FD-41F8-ACD9-53F93F7AC9A3}.Debug|Any CPU.ActiveCfg = Debug|Any CPU
		{E70ECDAB-69FD-41F8-ACD9-53F93F7AC9A3}.Debug|Any CPU.Build.0 = Debug|Any CPU
		{E70ECDAB-69FD-41F8-ACD9-53F93F7AC9A3}.Release|Any CPU.ActiveCfg = Release|Any CPU
		{E70ECDAB-69FD-41F8-ACD9-53F93F7AC9A3}.Release|Any CPU.Build.0 = Release|Any CPU
		{3AA4A127-B43C-468C-A69B-C03A69FB42CC}.Debug|Any CPU.ActiveCfg = Debug|Any CPU
		{3AA4A127-B43C-468C-A69B-C03A69FB42CC}.Debug|Any CPU.Build.0 = Debug|Any CPU
		{3AA4A127-B43C-468C-A69B-C03A69FB42CC}.Release|Any CPU.ActiveCfg = Release|Any CPU
		{3AA4A127-B43C-468C-A69B-C03A69FB42CC}.Release|Any CPU.Build.0 = Release|Any CPU
	EndGlobalSection
	GlobalSection(SolutionProperties) = preSolution
		HideSolutionNode = FALSE
	EndGlobalSection
	GlobalSection(NestedProjects) = preSolution
		{A5D2662E-5AA1-42D8-BC3B-397B0496DD8F} = {273B7DA4-E088-481F-BAF9-07C40F4AD846}
		{EE6147C2-05CA-4133-9D72-5727A747165C} = {273B7DA4-E088-481F-BAF9-07C40F4AD846}
		{E65B47B5-EE2A-4140-BC7B-EC8B5F9F40AC} = {273B7DA4-E088-481F-BAF9-07C40F4AD846}
		{00B9AF72-E40D-4F31-9049-E4E83E2F09D4} = {273B7DA4-E088-481F-BAF9-07C40F4AD846}
		{18A10247-84EB-45E4-8496-4B5F306E9E67} = {273B7DA4-E088-481F-BAF9-07C40F4AD846}
		{0525E462-CF46-4BF0-A2EF-D8E6049C4C85} = {273B7DA4-E088-481F-BAF9-07C40F4AD846}
		{957672B1-1645-420D-8557-83DC71536F1E} = {273B7DA4-E088-481F-BAF9-07C40F4AD846}
		{A3C82334-ED1F-41F1-AF07-8BCE063264AB} = {957672B1-1645-420D-8557-83DC71536F1E}
		{F840535E-B190-4D31-9E15-4F82500FB084} = {957672B1-1645-420D-8557-83DC71536F1E}
		{95358526-EE23-4483-B3F4-4B3FF89BBAEB} = {273B7DA4-E088-481F-BAF9-07C40F4AD846}
		{2CFA768E-D42E-4A4E-BC60-BCB107992CB4} = {18A10247-84EB-45E4-8496-4B5F306E9E67}
		{26D4B070-F184-4BC3-ACEA-3ABB79F6FBCD} = {A5D2662E-5AA1-42D8-BC3B-397B0496DD8F}
		{45DD97A2-0947-4871-B2F9-662D1A95178F} = {A5D2662E-5AA1-42D8-BC3B-397B0496DD8F}
		{BD4B8D28-9C08-4A80-9925-B72DABBD293C} = {A5D2662E-5AA1-42D8-BC3B-397B0496DD8F}
		{79A62B30-D276-46FB-9839-AE88252EC290} = {A5D2662E-5AA1-42D8-BC3B-397B0496DD8F}
		{974B4600-2BED-4CF9-B713-8487DA659FC5} = {A5D2662E-5AA1-42D8-BC3B-397B0496DD8F}
		{5A95456D-73D8-45EE-B463-2C5BC6576D12} = {A5D2662E-5AA1-42D8-BC3B-397B0496DD8F}
		{E94C71A7-691C-4D0E-9EF4-6C15DAEDAE6C} = {95358526-EE23-4483-B3F4-4B3FF89BBAEB}
		{423357CE-426D-4EC5-BF94-7258DF61263B} = {95358526-EE23-4483-B3F4-4B3FF89BBAEB}
		{4060C8AF-30AA-451C-9301-D56F8C1DAFB2} = {95358526-EE23-4483-B3F4-4B3FF89BBAEB}
		{DB7002EB-3CB7-432E-A0AB-10EC24305552} = {00B9AF72-E40D-4F31-9049-E4E83E2F09D4}
		{254C976A-A477-4FE9-9DED-469B7604806D} = {00B9AF72-E40D-4F31-9049-E4E83E2F09D4}
		{5FDB0177-785A-4A3F-9AC3-18DD492AC0B8} = {EE6147C2-05CA-4133-9D72-5727A747165C}
		{E3AB5EBC-90A1-48F2-A38F-B627AE828032} = {3BF30B5D-98B9-40AB-8772-D91A011CE4B4}
		{E70ECDAB-69FD-41F8-ACD9-53F93F7AC9A3} = {E65B47B5-EE2A-4140-BC7B-EC8B5F9F40AC}
		{3AA4A127-B43C-468C-A69B-C03A69FB42CC} = {EE6147C2-05CA-4133-9D72-5727A747165C}
	EndGlobalSection
	GlobalSection(ExtensibilityGlobals) = postSolution
		SolutionGuid = {1EC3CFB8-FB25-4169-8D36-7D19A6FBEEA6}
	EndGlobalSection
EndGlobal
