
Microsoft Visual Studio Solution File, Format Version 12.00
# Visual Studio 14
VisualStudioVersion = 14.0.23107.0
MinimumVisualStudioVersion = 10.0.40219.1
Project("{2150E333-8FDC-42A3-9474-1A3956D46DE8}") = "1.Business Development Projects", "1.Business Development Projects", "{F9F5124D-D946-465E-A11A-538D3D08409A}"
EndProject
Project("{2150E333-8FDC-42A3-9474-1A3956D46DE8}") = "SampleMyBusinessSolution1", "SampleMyBusinessSolution1", "{998B9FBB-8648-4E84-B92C-E2A6AB4AE992}"
EndProject
Project("{2150E333-8FDC-42A3-9474-1A3956D46DE8}") = "0.Models", "0.Models", "{352DDB5F-0B55-47EE-8CA1-BB4B9EF4FD0D}"
EndProject
Project("{2150E333-8FDC-42A3-9474-1A3956D46DE8}") = "0.Model Definitions", "0.Model Definitions", "{55BB80A5-A51E-47BD-87A1-AAAA294AB14C}"
EndProject
Project("{2150E333-8FDC-42A3-9474-1A3956D46DE8}") = "1.Model Mapping", "1.Model Mapping", "{7EC46F39-4A69-4E5C-B98D-9B6F035BBDAB}"
EndProject
Project("{2150E333-8FDC-42A3-9474-1A3956D46DE8}") = "0.Contracts", "0.Contracts", "{78D17719-AE72-4831-81ED-DB4CEEDB485F}"
EndProject
Project("{2150E333-8FDC-42A3-9474-1A3956D46DE8}") = "1.Services", "1.Services", "{E55C01F0-006D-4E51-A72A-E2E2E03D432F}"
EndProject
Project("{2150E333-8FDC-42A3-9474-1A3956D46DE8}") = "1.lmplementations", "1.lmplementations", "{E1C02FD3-FA11-4981-8CA2-12EE0BBE1437}"
EndProject
Project("{2150E333-8FDC-42A3-9474-1A3956D46DE8}") = "2.Hosts", "2.Hosts", "{60BFC6E5-A34B-4C91-B4BE-473F38408450}"
EndProject
Project("{2150E333-8FDC-42A3-9474-1A3956D46DE8}") = "0.Windows Services", "0.Windows Services", "{A3F6A713-9903-4C14-9D44-19015967C0F5}"
EndProject
Project("{2150E333-8FDC-42A3-9474-1A3956D46DE8}") = "1.Sites", "1.Sites", "{E4203FE1-0F2D-4B98-8859-6CA5C31EC74D}"
EndProject
Project("{2150E333-8FDC-42A3-9474-1A3956D46DE8}") = "2.Azure Work Role", "2.Azure Work Role", "{822AEF94-F8A3-48E6-9520-E891972D7F98}"
EndProject
Project("{2150E333-8FDC-42A3-9474-1A3956D46DE8}") = "3.Workflow", "3.Workflow", "{EEF6EB8B-BB2D-48B0-B71C-8C5DE615DF13}"
EndProject
Project("{2150E333-8FDC-42A3-9474-1A3956D46DE8}") = "4.SSIS", "4.SSIS", "{8AE51237-BE27-4F9B-BCCD-E8D7E4774C2D}"
EndProject
Project("{2150E333-8FDC-42A3-9474-1A3956D46DE8}") = "3.Clients", "3.Clients", "{C0968447-3FC5-4E5B-8C27-A931CE662E63}"
EndProject
Project("{2150E333-8FDC-42A3-9474-1A3956D46DE8}") = "0.Windows Desktop", "0.Windows Desktop", "{4A68D82F-7A91-4BC9-ADFF-CE4F20DA6996}"
EndProject
Project("{2150E333-8FDC-42A3-9474-1A3956D46DE8}") = "1.Windows Universal App", "1.Windows Universal App", "{3E5D0322-F4CC-44B7-929E-9D6ED1FFA3F1}"
EndProject
Project("{2150E333-8FDC-42A3-9474-1A3956D46DE8}") = "2.Android", "2.Android", "{CA3A3744-0BD1-4B92-9AA2-C48E0B95C23B}"
EndProject
Project("{2150E333-8FDC-42A3-9474-1A3956D46DE8}") = "3.iOS", "3.iOS", "{DE7B5307-9AB1-43E9-A778-47605D75D6C8}"
EndProject
Project("{2150E333-8FDC-42A3-9474-1A3956D46DE8}") = "4.DataBases", "4.DataBases", "{20A0981D-853F-4648-9E77-74F8FBB349E5}"
EndProject
Project("{2150E333-8FDC-42A3-9474-1A3956D46DE8}") = "98.Files", "98.Files", "{1FC84A5D-62AA-4A34-A126-FBAD165ACD65}"
EndProject
Project("{2150E333-8FDC-42A3-9474-1A3956D46DE8}") = "99.Tools", "99.Tools", "{1AAF3532-D9E6-47D9-8409-E4B26BA2014C}"
EndProject
Project("{2150E333-8FDC-42A3-9474-1A3956D46DE8}") = "97.TestingGround", "97.TestingGround", "{8355519D-BC4A-4BF0-AD88-AD26300E5900}"
EndProject
Project("{FAE04EC0-301F-11D3-BF4B-00C04F79EFBC}") = "SampleMyBusinessSolution1.Models", "SampleMyBusinessSolution1.Models\SampleMyBusinessSolution1.Models.csproj", "{A1DA14E8-F3C8-4FB0-8D17-976FDB09F08A}"
EndProject
Project("{FAE04EC0-301F-11D3-BF4B-00C04F79EFBC}") = "SampleMyBusinessSolution1.Models.Mapping", "SampleMyBusinessSolution1.Models.Mapping\SampleMyBusinessSolution1.Models.Mapping.csproj", "{E33E73D8-AD5A-4F5F-9734-F602CA36082B}"
EndProject
Project("{FAE04EC0-301F-11D3-BF4B-00C04F79EFBC}") = "SampleMyBusinessSolution1.Contracts", "SampleMyBusinessSolution1.Contracts\SampleMyBusinessSolution1.Contracts.csproj", "{74460E65-1748-4ABA-B352-DF96548A77DD}"
EndProject
Project("{FAE04EC0-301F-11D3-BF4B-00C04F79EFBC}") = "SampleMyBusinessSolution1.Services", "SampleMyBusinessSolution1.Services\SampleMyBusinessSolution1.Services.csproj", "{567C1E1D-9DC5-4E4F-991C-A5909D9F7390}"
EndProject
Project("{FAE04EC0-301F-11D3-BF4B-00C04F79EFBC}") = "SampleMyBusinessSolution1.BatchJobWindowsService", "SampleMyBusinessSolution1.BatchJobWindowsService\SampleMyBusinessSolution1.BatchJobWindowsService.csproj", "{39FA830B-AFFC-4319-BA5F-95E3F4880ECC}"
EndProject
Project("{FAE04EC0-301F-11D3-BF4B-00C04F79EFBC}") = "SampleMyBusinessSolution1.Portal", "SampleMyBusinessSolution1.Portal\SampleMyBusinessSolution1.Portal.csproj", "{6265E0DD-D763-4F01-9D20-0C92E671664C}"
EndProject
Project("{00D1A9C2-B5F0-4AF3-8072-F6C62B433612}") = "SampleMyBusinessSolution1.MainDatabase", "SampleMyBusinessSolution1.MainDatabase\SampleMyBusinessSolution1.MainDatabase.sqlproj", "{59868CCF-F94C-47B9-A3C3-56A230EAD1EE}"
EndProject
Project("{FAE04EC0-301F-11D3-BF4B-00C04F79EFBC}") = "SampleMyBusinessSolution1.Portal.Tests", "SampleMyBusinessSolution1.Portal.Tests\SampleMyBusinessSolution1.Portal.Tests.csproj", "{405B4299-8027-4A44-9192-560A047B20E9}"
EndProject
Project("{FAE04EC0-301F-11D3-BF4B-00C04F79EFBC}") = "SampleMyBusinessSolution1.HostConfigures", "SampleMyBusinessSolution1.HostConfigures\SampleMyBusinessSolution1.HostConfigures.csproj", "{A3D1E714-A383-4D52-A88A-4DB9EA172305}"
EndProject
Global
	GlobalSection(SolutionConfigurationPlatforms) = preSolution
		Debug|Any CPU = Debug|Any CPU
		Release|Any CPU = Release|Any CPU
	EndGlobalSection
	GlobalSection(ProjectConfigurationPlatforms) = postSolution
		{A1DA14E8-F3C8-4FB0-8D17-976FDB09F08A}.Debug|Any CPU.ActiveCfg = Debug|Any CPU
		{A1DA14E8-F3C8-4FB0-8D17-976FDB09F08A}.Debug|Any CPU.Build.0 = Debug|Any CPU
		{A1DA14E8-F3C8-4FB0-8D17-976FDB09F08A}.Release|Any CPU.ActiveCfg = Release|Any CPU
		{A1DA14E8-F3C8-4FB0-8D17-976FDB09F08A}.Release|Any CPU.Build.0 = Release|Any CPU
		{E33E73D8-AD5A-4F5F-9734-F602CA36082B}.Debug|Any CPU.ActiveCfg = Debug|Any CPU
		{E33E73D8-AD5A-4F5F-9734-F602CA36082B}.Debug|Any CPU.Build.0 = Debug|Any CPU
		{E33E73D8-AD5A-4F5F-9734-F602CA36082B}.Release|Any CPU.ActiveCfg = Release|Any CPU
		{E33E73D8-AD5A-4F5F-9734-F602CA36082B}.Release|Any CPU.Build.0 = Release|Any CPU
		{74460E65-1748-4ABA-B352-DF96548A77DD}.Debug|Any CPU.ActiveCfg = Debug|Any CPU
		{74460E65-1748-4ABA-B352-DF96548A77DD}.Debug|Any CPU.Build.0 = Debug|Any CPU
		{74460E65-1748-4ABA-B352-DF96548A77DD}.Release|Any CPU.ActiveCfg = Release|Any CPU
		{74460E65-1748-4ABA-B352-DF96548A77DD}.Release|Any CPU.Build.0 = Release|Any CPU
		{567C1E1D-9DC5-4E4F-991C-A5909D9F7390}.Debug|Any CPU.ActiveCfg = Debug|Any CPU
		{567C1E1D-9DC5-4E4F-991C-A5909D9F7390}.Debug|Any CPU.Build.0 = Debug|Any CPU
		{567C1E1D-9DC5-4E4F-991C-A5909D9F7390}.Release|Any CPU.ActiveCfg = Release|Any CPU
		{567C1E1D-9DC5-4E4F-991C-A5909D9F7390}.Release|Any CPU.Build.0 = Release|Any CPU
		{39FA830B-AFFC-4319-BA5F-95E3F4880ECC}.Debug|Any CPU.ActiveCfg = Debug|Any CPU
		{39FA830B-AFFC-4319-BA5F-95E3F4880ECC}.Debug|Any CPU.Build.0 = Debug|Any CPU
		{39FA830B-AFFC-4319-BA5F-95E3F4880ECC}.Release|Any CPU.ActiveCfg = Release|Any CPU
		{39FA830B-AFFC-4319-BA5F-95E3F4880ECC}.Release|Any CPU.Build.0 = Release|Any CPU
		{6265E0DD-D763-4F01-9D20-0C92E671664C}.Debug|Any CPU.ActiveCfg = Debug|Any CPU
		{6265E0DD-D763-4F01-9D20-0C92E671664C}.Debug|Any CPU.Build.0 = Debug|Any CPU
		{6265E0DD-D763-4F01-9D20-0C92E671664C}.Release|Any CPU.ActiveCfg = Release|Any CPU
		{6265E0DD-D763-4F01-9D20-0C92E671664C}.Release|Any CPU.Build.0 = Release|Any CPU
		{59868CCF-F94C-47B9-A3C3-56A230EAD1EE}.Debug|Any CPU.ActiveCfg = Debug|Any CPU
		{59868CCF-F94C-47B9-A3C3-56A230EAD1EE}.Debug|Any CPU.Build.0 = Debug|Any CPU
		{59868CCF-F94C-47B9-A3C3-56A230EAD1EE}.Debug|Any CPU.Deploy.0 = Debug|Any CPU
		{59868CCF-F94C-47B9-A3C3-56A230EAD1EE}.Release|Any CPU.ActiveCfg = Release|Any CPU
		{59868CCF-F94C-47B9-A3C3-56A230EAD1EE}.Release|Any CPU.Build.0 = Release|Any CPU
		{59868CCF-F94C-47B9-A3C3-56A230EAD1EE}.Release|Any CPU.Deploy.0 = Release|Any CPU
		{405B4299-8027-4A44-9192-560A047B20E9}.Debug|Any CPU.ActiveCfg = Debug|Any CPU
		{405B4299-8027-4A44-9192-560A047B20E9}.Debug|Any CPU.Build.0 = Debug|Any CPU
		{405B4299-8027-4A44-9192-560A047B20E9}.Release|Any CPU.ActiveCfg = Release|Any CPU
		{405B4299-8027-4A44-9192-560A047B20E9}.Release|Any CPU.Build.0 = Release|Any CPU
		{A3D1E714-A383-4D52-A88A-4DB9EA172305}.Debug|Any CPU.ActiveCfg = Debug|Any CPU
		{A3D1E714-A383-4D52-A88A-4DB9EA172305}.Debug|Any CPU.Build.0 = Debug|Any CPU
		{A3D1E714-A383-4D52-A88A-4DB9EA172305}.Release|Any CPU.ActiveCfg = Release|Any CPU
		{A3D1E714-A383-4D52-A88A-4DB9EA172305}.Release|Any CPU.Build.0 = Release|Any CPU
	EndGlobalSection
	GlobalSection(SolutionProperties) = preSolution
		HideSolutionNode = FALSE
	EndGlobalSection
	GlobalSection(NestedProjects) = preSolution
		{998B9FBB-8648-4E84-B92C-E2A6AB4AE992} = {F9F5124D-D946-465E-A11A-538D3D08409A}
		{352DDB5F-0B55-47EE-8CA1-BB4B9EF4FD0D} = {998B9FBB-8648-4E84-B92C-E2A6AB4AE992}
		{55BB80A5-A51E-47BD-87A1-AAAA294AB14C} = {352DDB5F-0B55-47EE-8CA1-BB4B9EF4FD0D}
		{7EC46F39-4A69-4E5C-B98D-9B6F035BBDAB} = {352DDB5F-0B55-47EE-8CA1-BB4B9EF4FD0D}
		{78D17719-AE72-4831-81ED-DB4CEEDB485F} = {E55C01F0-006D-4E51-A72A-E2E2E03D432F}
		{E55C01F0-006D-4E51-A72A-E2E2E03D432F} = {998B9FBB-8648-4E84-B92C-E2A6AB4AE992}
		{E1C02FD3-FA11-4981-8CA2-12EE0BBE1437} = {E55C01F0-006D-4E51-A72A-E2E2E03D432F}
		{60BFC6E5-A34B-4C91-B4BE-473F38408450} = {998B9FBB-8648-4E84-B92C-E2A6AB4AE992}
		{A3F6A713-9903-4C14-9D44-19015967C0F5} = {60BFC6E5-A34B-4C91-B4BE-473F38408450}
		{E4203FE1-0F2D-4B98-8859-6CA5C31EC74D} = {60BFC6E5-A34B-4C91-B4BE-473F38408450}
		{822AEF94-F8A3-48E6-9520-E891972D7F98} = {60BFC6E5-A34B-4C91-B4BE-473F38408450}
		{EEF6EB8B-BB2D-48B0-B71C-8C5DE615DF13} = {60BFC6E5-A34B-4C91-B4BE-473F38408450}
		{8AE51237-BE27-4F9B-BCCD-E8D7E4774C2D} = {60BFC6E5-A34B-4C91-B4BE-473F38408450}
		{C0968447-3FC5-4E5B-8C27-A931CE662E63} = {998B9FBB-8648-4E84-B92C-E2A6AB4AE992}
		{4A68D82F-7A91-4BC9-ADFF-CE4F20DA6996} = {C0968447-3FC5-4E5B-8C27-A931CE662E63}
		{3E5D0322-F4CC-44B7-929E-9D6ED1FFA3F1} = {C0968447-3FC5-4E5B-8C27-A931CE662E63}
		{CA3A3744-0BD1-4B92-9AA2-C48E0B95C23B} = {C0968447-3FC5-4E5B-8C27-A931CE662E63}
		{DE7B5307-9AB1-43E9-A778-47605D75D6C8} = {C0968447-3FC5-4E5B-8C27-A931CE662E63}
		{20A0981D-853F-4648-9E77-74F8FBB349E5} = {998B9FBB-8648-4E84-B92C-E2A6AB4AE992}
		{1FC84A5D-62AA-4A34-A126-FBAD165ACD65} = {998B9FBB-8648-4E84-B92C-E2A6AB4AE992}
		{1AAF3532-D9E6-47D9-8409-E4B26BA2014C} = {998B9FBB-8648-4E84-B92C-E2A6AB4AE992}
		{8355519D-BC4A-4BF0-AD88-AD26300E5900} = {998B9FBB-8648-4E84-B92C-E2A6AB4AE992}
		{A1DA14E8-F3C8-4FB0-8D17-976FDB09F08A} = {55BB80A5-A51E-47BD-87A1-AAAA294AB14C}
		{E33E73D8-AD5A-4F5F-9734-F602CA36082B} = {7EC46F39-4A69-4E5C-B98D-9B6F035BBDAB}
		{74460E65-1748-4ABA-B352-DF96548A77DD} = {78D17719-AE72-4831-81ED-DB4CEEDB485F}
		{567C1E1D-9DC5-4E4F-991C-A5909D9F7390} = {E1C02FD3-FA11-4981-8CA2-12EE0BBE1437}
		{39FA830B-AFFC-4319-BA5F-95E3F4880ECC} = {A3F6A713-9903-4C14-9D44-19015967C0F5}
		{6265E0DD-D763-4F01-9D20-0C92E671664C} = {E4203FE1-0F2D-4B98-8859-6CA5C31EC74D}
		{59868CCF-F94C-47B9-A3C3-56A230EAD1EE} = {20A0981D-853F-4648-9E77-74F8FBB349E5}
		{405B4299-8027-4A44-9192-560A047B20E9} = {E4203FE1-0F2D-4B98-8859-6CA5C31EC74D}
		{A3D1E714-A383-4D52-A88A-4DB9EA172305} = {998B9FBB-8648-4E84-B92C-E2A6AB4AE992}
	EndGlobalSection
EndGlobal
